
Microsoft Visual Studio Solution File, Format Version 12.00
# Visual Studio Version 17
VisualStudioVersion = 17.14.36804.6 d17.14
MinimumVisualStudioVersion = 10.0.40219.1
Project("{FAE04EC0-301F-11D3-BF4B-00C04F79EFBC}") = "HotelApp_API", "HotelApp_API\HotelApp_API.csproj", "{43B2F09B-EADE-4D50-8771-5A0ADA76A7F6}"
EndProject
Project("{FAE04EC0-301F-11D3-BF4B-00C04F79EFBC}") = "HotelApp_Core", "HotelAPP_CORE\HotelApp_Core.csproj", "{C48458C3-AF9F-414B-BE7D-EBEF30A18496}"
EndProject
Project("{FAE04EC0-301F-11D3-BF4B-00C04F79EFBC}") = "HotelApp_Data", "HotelApp_Data\HotelApp_Data.csproj", "{092937A4-3B0A-4E25-9D6F-91745BFB8B19}"
EndProject
Global
	GlobalSection(SolutionConfigurationPlatforms) = preSolution
		Debug|Any CPU = Debug|Any CPU
		Release|Any CPU = Release|Any CPU
	EndGlobalSection
	GlobalSection(ProjectConfigurationPlatforms) = postSolution
		{43B2F09B-EADE-4D50-8771-5A0ADA76A7F6}.Debug|Any CPU.ActiveCfg = Debug|Any CPU
		{43B2F09B-EADE-4D50-8771-5A0ADA76A7F6}.Debug|Any CPU.Build.0 = Debug|Any CPU
		{43B2F09B-EADE-4D50-8771-5A0ADA76A7F6}.Release|Any CPU.ActiveCfg = Release|Any CPU
		{43B2F09B-EADE-4D50-8771-5A0ADA76A7F6}.Release|Any CPU.Build.0 = Release|Any CPU
		{C48458C3-AF9F-414B-BE7D-EBEF30A18496}.Debug|Any CPU.ActiveCfg = Debug|Any CPU
		{C48458C3-AF9F-414B-BE7D-EBEF30A18496}.Debug|Any CPU.Build.0 = Debug|Any CPU
		{C48458C3-AF9F-414B-BE7D-EBEF30A18496}.Release|Any CPU.ActiveCfg = Release|Any CPU
		{C48458C3-AF9F-414B-BE7D-EBEF30A18496}.Release|Any CPU.Build.0 = Release|Any CPU
		{092937A4-3B0A-4E25-9D6F-91745BFB8B19}.Debug|Any CPU.ActiveCfg = Debug|Any CPU
		{092937A4-3B0A-4E25-9D6F-91745BFB8B19}.Debug|Any CPU.Build.0 = Debug|Any CPU
		{092937A4-3B0A-4E25-9D6F-91745BFB8B19}.Release|Any CPU.ActiveCfg = Release|Any CPU
		{092937A4-3B0A-4E25-9D6F-91745BFB8B19}.Release|Any CPU.Build.0 = Release|Any CPU
	EndGlobalSection
	GlobalSection(SolutionProperties) = preSolution
		HideSolutionNode = FALSE
	EndGlobalSection
	GlobalSection(ExtensibilityGlobals) = postSolution
		SolutionGuid = {F9D54B97-7DD3-4D07-B03B-A39052F89811}
	EndGlobalSection
EndGlobal
