
Microsoft Visual Studio Solution File, Format Version 12.00
# Visual Studio Version 17
VisualStudioVersion = 17.14.36804.6 d17.14
MinimumVisualStudioVersion = 10.0.40219.1
Project("{FAE04EC0-301F-11D3-BF4B-00C04F79EFBC}") = "WebApplication1", "WebApplication1.csproj", "{492D5D4D-9BE6-4860-9D10-8AEA311DE458}"
EndProject
Global
	GlobalSection(SolutionConfigurationPlatforms) = preSolution
		Debug|Any CPU = Debug|Any CPU
		Release|Any CPU = Release|Any CPU
	EndGlobalSection
	GlobalSection(ProjectConfigurationPlatforms) = postSolution
		{492D5D4D-9BE6-4860-9D10-8AEA311DE458}.Debug|Any CPU.ActiveCfg = Debug|Any CPU
		{492D5D4D-9BE6-4860-9D10-8AEA311DE458}.Debug|Any CPU.Build.0 = Debug|Any CPU
		{492D5D4D-9BE6-4860-9D10-8AEA311DE458}.Release|Any CPU.ActiveCfg = Release|Any CPU
		{492D5D4D-9BE6-4860-9D10-8AEA311DE458}.Release|Any CPU.Build.0 = Release|Any CPU
	EndGlobalSection
	GlobalSection(SolutionProperties) = preSolution
		HideSolutionNode = FALSE
	EndGlobalSection
	GlobalSection(ExtensibilityGlobals) = postSolution
		SolutionGuid = {56A71E9D-2FC7-4BDA-A3B7-856889AFC243}
	EndGlobalSection
EndGlobal
