
Microsoft Visual Studio Solution File, Format Version 12.00
# Visual Studio Version 17
VisualStudioVersion = 17.14.36804.6
MinimumVisualStudioVersion = 10.0.40219.1
Project("{FAE04EC0-301F-11D3-BF4B-00C04F79EFBC}") = "StudentDemo.Core", "StudentDemo.Core\StudentDemo.Core.csproj", "{05A80D50-5A55-4D59-AAA0-33DA5AF5CA06}"
EndProject
Project("{FAE04EC0-301F-11D3-BF4B-00C04F79EFBC}") = "StudentDemo.Data", "StudentDemo.Data\StudentDemo.Data.csproj", "{FB66CCD8-5B5E-4862-9D39-A7709876AB33}"
EndProject
Project("{FAE04EC0-301F-11D3-BF4B-00C04F79EFBC}") = "StudentDemo.API", "StudentDemo.API\StudentDemo.API.csproj", "{18024C01-8787-45C7-9B49-465F8AC31484}"
EndProject
Global
	GlobalSection(SolutionConfigurationPlatforms) = preSolution
		Debug|Any CPU = Debug|Any CPU
		Release|Any CPU = Release|Any CPU
	EndGlobalSection
	GlobalSection(ProjectConfigurationPlatforms) = postSolution
		{05A80D50-5A55-4D59-AAA0-33DA5AF5CA06}.Debug|Any CPU.ActiveCfg = Debug|Any CPU
		{05A80D50-5A55-4D59-AAA0-33DA5AF5CA06}.Debug|Any CPU.Build.0 = Debug|Any CPU
		{05A80D50-5A55-4D59-AAA0-33DA5AF5CA06}.Release|Any CPU.ActiveCfg = Release|Any CPU
		{05A80D50-5A55-4D59-AAA0-33DA5AF5CA06}.Release|Any CPU.Build.0 = Release|Any CPU
		{FB66CCD8-5B5E-4862-9D39-A7709876AB33}.Debug|Any CPU.ActiveCfg = Debug|Any CPU
		{FB66CCD8-5B5E-4862-9D39-A7709876AB33}.Debug|Any CPU.Build.0 = Debug|Any CPU
		{FB66CCD8-5B5E-4862-9D39-A7709876AB33}.Release|Any CPU.ActiveCfg = Release|Any CPU
		{FB66CCD8-5B5E-4862-9D39-A7709876AB33}.Release|Any CPU.Build.0 = Release|Any CPU
		{18024C01-8787-45C7-9B49-465F8AC31484}.Debug|Any CPU.ActiveCfg = Debug|Any CPU
		{18024C01-8787-45C7-9B49-465F8AC31484}.Debug|Any CPU.Build.0 = Debug|Any CPU
		{18024C01-8787-45C7-9B49-465F8AC31484}.Release|Any CPU.ActiveCfg = Release|Any CPU
		{18024C01-8787-45C7-9B49-465F8AC31484}.Release|Any CPU.Build.0 = Release|Any CPU
	EndGlobalSection
	GlobalSection(SolutionProperties) = preSolution
		HideSolutionNode = FALSE
	EndGlobalSection
	GlobalSection(ExtensibilityGlobals) = postSolution
		SolutionGuid = {207FC868-8E5D-4139-B405-DC77E77D0C73}
	EndGlobalSection
EndGlobal
